
Microsoft Visual Studio Solution File, Format Version 12.00
# Visual Studio Version 16
VisualStudioVersion = 16.0.30804.86
MinimumVisualStudioVersion = 10.0.40219.1
Project("{FAE04EC0-301F-11D3-BF4B-00C04F79EFBC}") = "CasaNR", "CasaNR.csproj", "{41CBDEC4-E3CE-4C1B-A902-44CBADA7A408}"
EndProject
Global
	GlobalSection(SolutionConfigurationPlatforms) = preSolution
		Debug|Any CPU = Debug|Any CPU
		Release|Any CPU = Release|Any CPU
	EndGlobalSection
	GlobalSection(ProjectConfigurationPlatforms) = postSolution
		{41CBDEC4-E3CE-4C1B-A902-44CBADA7A408}.Debug|Any CPU.ActiveCfg = Debug|Any CPU
		{41CBDEC4-E3CE-4C1B-A902-44CBADA7A408}.Debug|Any CPU.Build.0 = Debug|Any CPU
		{41CBDEC4-E3CE-4C1B-A902-44CBADA7A408}.Release|Any CPU.ActiveCfg = Release|Any CPU
		{41CBDEC4-E3CE-4C1B-A902-44CBADA7A408}.Release|Any CPU.Build.0 = Release|Any CPU
	EndGlobalSection
	GlobalSection(SolutionProperties) = preSolution
		HideSolutionNode = FALSE
	EndGlobalSection
	GlobalSection(ExtensibilityGlobals) = postSolution
		SolutionGuid = {69D1B355-3F1B-4678-BCAE-28376FC02DBD}
	EndGlobalSection
EndGlobal
